// !$*UTF8*$!
{
	archiveVersion = 1;
	classes = {
	};
	objectVersion = 50;
	objects = {

/* Begin PBXBuildFile section */
		A15BF52C211D9B16007CB6EC /* AppDelegate.swift in Sources */ = {isa = PBXBuildFile; fileRef = A15BF52B211D9B16007CB6EC /* AppDelegate.swift */; };
		A15BF52E211D9B16007CB6EC /* ViewController.swift in Sources */ = {isa = PBXBuildFile; fileRef = A15BF52D211D9B16007CB6EC /* ViewController.swift */; };
		A15BF531211D9B16007CB6EC /* Main.storyboard in Resources */ = {isa = PBXBuildFile; fileRef = A15BF52F211D9B16007CB6EC /* Main.storyboard */; };
		A15BF533211D9B2C007CB6EC /* Assets.xcassets in Resources */ = {isa = PBXBuildFile; fileRef = A15BF532211D9B2C007CB6EC /* Assets.xcassets */; };
		A15BF536211D9B2C007CB6EC /* LaunchScreen.storyboard in Resources */ = {isa = PBXBuildFile; fileRef = A15BF534211D9B2C007CB6EC /* LaunchScreen.storyboard */; };
		A15BF541211D9B2E007CB6EC /* SearchBarAppTests.swift in Sources */ = {isa = PBXBuildFile; fileRef = A15BF540211D9B2E007CB6EC /* SearchBarAppTests.swift */; };
		A15BF54C211D9B2E007CB6EC /* SearchBarAppUITests.swift in Sources */ = {isa = PBXBuildFile; fileRef = A15BF54B211D9B2E007CB6EC /* SearchBarAppUITests.swift */; };
/* End PBXBuildFile section */

/* Begin PBXContainerItemProxy section */
		A15BF53D211D9B2D007CB6EC /* PBXContainerItemProxy */ = {
			isa = PBXContainerItemProxy;
			containerPortal = A15BF520211D9B15007CB6EC /* Project object */;
			proxyType = 1;
			remoteGlobalIDString = A15BF527211D9B16007CB6EC;
			remoteInfo = SearchBarApp;
		};
		A15BF548211D9B2E007CB6EC /* PBXContainerItemProxy */ = {
			isa = PBXContainerItemProxy;
			containerPortal = A15BF520211D9B15007CB6EC /* Project object */;
			proxyType = 1;
			remoteGlobalIDString = A15BF527211D9B16007CB6EC;
			remoteInfo = SearchBarApp;
		};
/* End PBXContainerItemProxy section */

/* Begin PBXFileReference section */
		A15BF528211D9B16007CB6EC /* SearchBarApp.app */ = {isa = PBXFileReference; explicitFileType = wrapper.application; includeInIndex = 0; path = SearchBarApp.app; sourceTree = BUILT_PRODUCTS_DIR; };
		A15BF52B211D9B16007CB6EC /* AppDelegate.swift */ = {isa = PBXFileReference; lastKnownFileType = sourcecode.swift; path = AppDelegate.swift; sourceTree = "<group>"; };
		A15BF52D211D9B16007CB6EC /* ViewController.swift */ = {isa = PBXFileReference; lastKnownFileType = sourcecode.swift; path = ViewController.swift; sourceTree = "<group>"; };
		A15BF530211D9B16007CB6EC /* Base */ = {isa = PBXFileReference; lastKnownFileType = file.storyboard; name = Base; path = Base.lproj/Main.storyboard; sourceTree = "<group>"; };
		A15BF532211D9B2C007CB6EC /* Assets.xcassets */ = {isa = PBXFileReference; lastKnownFileType = folder.assetcatalog; path = Assets.xcassets; sourceTree = "<group>"; };
		A15BF535211D9B2C007CB6EC /* Base */ = {isa = PBXFileReference; lastKnownFileType = file.storyboard; name = Base; path = Base.lproj/LaunchScreen.storyboard; sourceTree = "<group>"; };
		A15BF537211D9B2C007CB6EC /* Info.plist */ = {isa = PBXFileReference; lastKnownFileType = text.plist.xml; path = Info.plist; sourceTree = "<group>"; };
		A15BF53C211D9B2D007CB6EC /* SearchBarAppTests.xctest */ = {isa = PBXFileReference; explicitFileType = wrapper.cfbundle; includeInIndex = 0; path = SearchBarAppTests.xctest; sourceTree = BUILT_PRODUCTS_DIR; };
		A15BF540211D9B2E007CB6EC /* SearchBarAppTests.swift */ = {isa = PBXFileReference; lastKnownFileType = sourcecode.swift; path = SearchBarAppTests.swift; sourceTree = "<group>"; };
		A15BF542211D9B2E007CB6EC /* Info.plist */ = {isa = PBXFileReference; lastKnownFileType = text.plist.xml; path = Info.plist; sourceTree = "<group>"; };
		A15BF547211D9B2E007CB6EC /* SearchBarAppUITests.xctest */ = {isa = PBXFileReference; explicitFileType = wrapper.cfbundle; includeInIndex = 0; path = SearchBarAppUITests.xctest; sourceTree = BUILT_PRODUCTS_DIR; };
		A15BF54B211D9B2E007CB6EC /* SearchBarAppUITests.swift */ = {isa = PBXFileReference; lastKnownFileType = sourcecode.swift; path = SearchBarAppUITests.swift; sourceTree = "<group>"; };
		A15BF54D211D9B2E007CB6EC /* Info.plist */ = {isa = PBXFileReference; lastKnownFileType = text.plist.xml; path = Info.plist; sourceTree = "<group>"; };
/* End PBXFileReference section */

/* Begin PBXFrameworksBuildPhase section */
		A15BF525211D9B16007CB6EC /* Frameworks */ = {
			isa = PBXFrameworksBuildPhase;
			buildActionMask = 2147483647;
			files = (
			);
			runOnlyForDeploymentPostprocessing = 0;
		};
		A15BF539211D9B2D007CB6EC /* Frameworks */ = {
			isa = PBXFrameworksBuildPhase;
			buildActionMask = 2147483647;
			files = (
			);
			runOnlyForDeploymentPostprocessing = 0;
		};
		A15BF544211D9B2E007CB6EC /* Frameworks */ = {
			isa = PBXFrameworksBuildPhase;
			buildActionMask = 2147483647;
			files = (
			);
			runOnlyForDeploymentPostprocessing = 0;
		};
/* End PBXFrameworksBuildPhase section */

/* Begin PBXGroup section */
		A15BF51F211D9B15007CB6EC = {
			isa = PBXGroup;
			children = (
				A15BF52A211D9B16007CB6EC /* SearchBarApp */,
				A15BF53F211D9B2D007CB6EC /* SearchBarAppTests */,
				A15BF54A211D9B2E007CB6EC /* SearchBarAppUITests */,
				A15BF529211D9B16007CB6EC /* Products */,
			);
			sourceTree = "<group>";
		};
		A15BF529211D9B16007CB6EC /* Products */ = {
			isa = PBXGroup;
			children = (
				A15BF528211D9B16007CB6EC /* SearchBarApp.app */,
				A15BF53C211D9B2D007CB6EC /* SearchBarAppTests.xctest */,
				A15BF547211D9B2E007CB6EC /* SearchBarAppUITests.xctest */,
			);
			name = Products;
			sourceTree = "<group>";
		};
		A15BF52A211D9B16007CB6EC /* SearchBarApp */ = {
			isa = PBXGroup;
			children = (
				A15BF52B211D9B16007CB6EC /* AppDelegate.swift */,
				A15BF52D211D9B16007CB6EC /* ViewController.swift */,
				A15BF52F211D9B16007CB6EC /* Main.storyboard */,
				A15BF532211D9B2C007CB6EC /* Assets.xcassets */,
				A15BF534211D9B2C007CB6EC /* LaunchScreen.storyboard */,
				A15BF537211D9B2C007CB6EC /* Info.plist */,
			);
			path = SearchBarApp;
			sourceTree = "<group>";
		};
		A15BF53F211D9B2D007CB6EC /* SearchBarAppTests */ = {
			isa = PBXGroup;
			children = (
				A15BF540211D9B2E007CB6EC /* SearchBarAppTests.swift */,
				A15BF542211D9B2E007CB6EC /* Info.plist */,
			);
			path = SearchBarAppTests;
			sourceTree = "<group>";
		};
		A15BF54A211D9B2E007CB6EC /* SearchBarAppUITests */ = {
			isa = PBXGroup;
			children = (
				A15BF54B211D9B2E007CB6EC /* SearchBarAppUITests.swift */,
				A15BF54D211D9B2E007CB6EC /* Info.plist */,
			);
			path = SearchBarAppUITests;
			sourceTree = "<group>";
		};
/* End PBXGroup section */

/* Begin PBXNativeTarget section */
		A15BF527211D9B16007CB6EC /* SearchBarApp */ = {
			isa = PBXNativeTarget;
			buildConfigurationList = A15BF550211D9B2F007CB6EC /* Build configuration list for PBXNativeTarget "SearchBarApp" */;
			buildPhases = (
				A15BF524211D9B16007CB6EC /* Sources */,
				A15BF525211D9B16007CB6EC /* Frameworks */,
				A15BF526211D9B16007CB6EC /* Resources */,
			);
			buildRules = (
			);
			dependencies = (
			);
			name = SearchBarApp;
			productName = SearchBarApp;
			productReference = A15BF528211D9B16007CB6EC /* SearchBarApp.app */;
			productType = "com.apple.product-type.application";
		};
		A15BF53B211D9B2D007CB6EC /* SearchBarAppTests */ = {
			isa = PBXNativeTarget;
			buildConfigurationList = A15BF553211D9B2F007CB6EC /* Build configuration list for PBXNativeTarget "SearchBarAppTests" */;
			buildPhases = (
				A15BF538211D9B2D007CB6EC /* Sources */,
				A15BF539211D9B2D007CB6EC /* Frameworks */,
				A15BF53A211D9B2D007CB6EC /* Resources */,
			);
			buildRules = (
			);
			dependencies = (
				A15BF53E211D9B2D007CB6EC /* PBXTargetDependency */,
			);
			name = SearchBarAppTests;
			productName = SearchBarAppTests;
			productReference = A15BF53C211D9B2D007CB6EC /* SearchBarAppTests.xctest */;
			productType = "com.apple.product-type.bundle.unit-test";
		};
		A15BF546211D9B2E007CB6EC /* SearchBarAppUITests */ = {
			isa = PBXNativeTarget;
			buildConfigurationList = A15BF556211D9B2F007CB6EC /* Build configuration list for PBXNativeTarget "SearchBarAppUITests" */;
			buildPhases = (
				A15BF543211D9B2E007CB6EC /* Sources */,
				A15BF544211D9B2E007CB6EC /* Frameworks */,
				A15BF545211D9B2E007CB6EC /* Resources */,
			);
			buildRules = (
			);
			dependencies = (
				A15BF549211D9B2E007CB6EC /* PBXTargetDependency */,
			);
			name = SearchBarAppUITests;
			productName = SearchBarAppUITests;
			productReference = A15BF547211D9B2E007CB6EC /* SearchBarAppUITests.xctest */;
			productType = "com.apple.product-type.bundle.ui-testing";
		};
/* End PBXNativeTarget section */

/* Begin PBXProject section */
		A15BF520211D9B15007CB6EC /* Project object */ = {
			isa = PBXProject;
			attributes = {
				LastSwiftUpdateCheck = 0940;
				LastUpgradeCheck = 0940;
				ORGANIZATIONNAME = "ramjan sayyad";
				TargetAttributes = {
					A15BF527211D9B16007CB6EC = {
						CreatedOnToolsVersion = 9.4.1;
					};
					A15BF53B211D9B2D007CB6EC = {
						CreatedOnToolsVersion = 9.4.1;
						TestTargetID = A15BF527211D9B16007CB6EC;
					};
					A15BF546211D9B2E007CB6EC = {
						CreatedOnToolsVersion = 9.4.1;
						TestTargetID = A15BF527211D9B16007CB6EC;
					};
				};
			};
			buildConfigurationList = A15BF523211D9B15007CB6EC /* Build configuration list for PBXProject "SearchBarApp" */;
			compatibilityVersion = "Xcode 9.3";
			developmentRegion = en;
			hasScannedForEncodings = 0;
			knownRegions = (
				en,
				Base,
			);
			mainGroup = A15BF51F211D9B15007CB6EC;
			productRefGroup = A15BF529211D9B16007CB6EC /* Products */;
			projectDirPath = "";
			projectRoot = "";
			targets = (
				A15BF527211D9B16007CB6EC /* SearchBarApp */,
				A15BF53B211D9B2D007CB6EC /* SearchBarAppTests */,
				A15BF546211D9B2E007CB6EC /* SearchBarAppUITests */,
			);
		};
/* End PBXProject section */

/* Begin PBXResourcesBuildPhase section */
		A15BF526211D9B16007CB6EC /* Resources */ = {
			isa = PBXResourcesBuildPhase;
			buildActionMask = 2147483647;
			files = (
				A15BF536211D9B2C007CB6EC /* LaunchScreen.storyboard in Resources */,
				A15BF533211D9B2C007CB6EC /* Assets.xcassets in Resources */,
				A15BF531211D9B16007CB6EC /* Main.storyboard in Resources */,
			);
			runOnlyForDeploymentPostprocessing = 0;
		};
		A15BF53A211D9B2D007CB6EC /* Resources */ = {
			isa = PBXResourcesBuildPhase;
			buildActionMask = 2147483647;
			files = (
			);
			runOnlyForDeploymentPostprocessing = 0;
		};
		A15BF545211D9B2E007CB6EC /* Resources */ = {
			isa = PBXResourcesBuildPhase;
			buildActionMask = 2147483647;
			files = (
			);
			runOnlyForDeploymentPostprocessing = 0;
		};
/* End PBXResourcesBuildPhase section */

/* Begin PBXSourcesBuildPhase section */
		A15BF524211D9B16007CB6EC /* Sources */ = {
			isa = PBXSourcesBuildPhase;
			buildActionMask = 2147483647;
			files = (
				A15BF52E211D9B16007CB6EC /* ViewController.swift in Sources */,
				A15BF52C211D9B16007CB6EC /* AppDelegate.swift in Sources */,
			);
			runOnlyForDeploymentPostprocessing = 0;
		};
		A15BF538211D9B2D007CB6EC /* Sources */ = {
			isa = PBXSourcesBuildPhase;
			buildActionMask = 2147483647;
			files = (
				A15BF541211D9B2E007CB6EC /* SearchBarAppTests.swift in Sources */,
			);
			runOnlyForDeploymentPostprocessing = 0;
		};
		A15BF543211D9B2E007CB6EC /* Sources */ = {
			isa = PBXSourcesBuildPhase;
			buildActionMask = 2147483647;
			files = (
				A15BF54C211D9B2E007CB6EC /* SearchBarAppUITests.swift in Sources */,
			);
			runOnlyForDeploymentPostprocessing = 0;
		};
/* End PBXSourcesBuildPhase section */

/* Begin PBXTargetDependency section */
		A15BF53E211D9B2D007CB6EC /* PBXTargetDependency */ = {
			isa = PBXTargetDependency;
			target = A15BF527211D9B16007CB6EC /* SearchBarApp */;
			targetProxy = A15BF53D211D9B2D007CB6EC /* PBXContainerItemProxy */;
		};
		A15BF549211D9B2E007CB6EC /* PBXTargetDependency */ = {
			isa = PBXTargetDependency;
			target = A15BF527211D9B16007CB6EC /* SearchBarApp */;
			targetProxy = A15BF548211D9B2E007CB6EC /* PBXContainerItemProxy */;
		};
/* End PBXTargetDependency section */

/* Begin PBXVariantGroup section */
		A15BF52F211D9B16007CB6EC /* Main.storyboard */ = {
			isa = PBXVariantGroup;
			children = (
				A15BF530211D9B16007CB6EC /* Base */,
			);
			name = Main.storyboard;
			sourceTree = "<group>";
		};
		A15BF534211D9B2C007CB6EC /* LaunchScreen.storyboard */ = {
			isa = PBXVariantGroup;
			children = (
				A15BF535211D9B2C007CB6EC /* Base */,
			);
			name = LaunchScreen.storyboard;
			sourceTree = "<group>";
		};
/* End PBXVariantGroup section */

/* Begin XCBuildConfiguration section */
		A15BF54E211D9B2E007CB6EC /* Debug */ = {
			isa = XCBuildConfiguration;
			buildSettings = {
				ALWAYS_SEARCH_USER_PATHS = NO;
				CLANG_ANALYZER_NONNULL = YES;
				CLANG_ANALYZER_NUMBER_OBJECT_CONVERSION = YES_AGGRESSIVE;
				CLANG_CXX_LANGUAGE_STANDARD = "gnu++14";
				CLANG_CXX_LIBRARY = "libc++";
				CLANG_ENABLE_MODULES = YES;
				CLANG_ENABLE_OBJC_ARC = YES;
				CLANG_ENABLE_OBJC_WEAK = YES;
				CLANG_WARN_BLOCK_CAPTURE_AUTORELEASING = YES;
				CLANG_WARN_BOOL_CONVERSION = YES;
				CLANG_WARN_COMMA = YES;
				CLANG_WARN_CONSTANT_CONVERSION = YES;
				CLANG_WARN_DEPRECATED_OBJC_IMPLEMENTATIONS = YES;
				CLANG_WARN_DIRECT_OBJC_ISA_USAGE = YES_ERROR;
				CLANG_WARN_DOCUMENTATION_COMMENTS = YES;
				CLANG_WARN_EMPTY_BODY = YES;
				CLANG_WARN_ENUM_CONVERSION = YES;
				CLANG_WARN_INFINITE_RECURSION = YES;
				CLANG_WARN_INT_CONVERSION = YES;
				CLANG_WARN_NON_LITERAL_NULL_CONVERSION = YES;
				CLANG_WARN_OBJC_IMPLICIT_RETAIN_SELF = YES;
				CLANG_WARN_OBJC_LITERAL_CONVERSION = YES;
				CLANG_WARN_OBJC_ROOT_CLASS = YES_ERROR;
				CLANG_WARN_RANGE_LOOP_ANALYSIS = YES;
				CLANG_WARN_STRICT_PROTOTYPES = YES;
				CLANG_WARN_SUSPICIOUS_MOVE = YES;
				CLANG_WARN_UNGUARDED_AVAILABILITY = YES_AGGRESSIVE;
				CLANG_WARN_UNREACHABLE_CODE = YES;
				CLANG_WARN__DUPLICATE_METHOD_MATCH = YES;
				CODE_SIGN_IDENTITY = "iPhone Developer";
				COPY_PHASE_STRIP = NO;
				DEBUG_INFORMATION_FORMAT = dwarf;
				ENABLE_STRICT_OBJC_MSGSEND = YES;
				ENABLE_TESTABILITY = YES;
				GCC_C_LANGUAGE_STANDARD = gnu11;
				GCC_DYNAMIC_NO_PIC = NO;
				GCC_NO_COMMON_BLOCKS = YES;
				GCC_OPTIMIZATION_LEVEL = 0;
				GCC_PREPROCESSOR_DEFINITIONS = (
					"DEBUG=1",
					"$(inherited)",
				);
				GCC_WARN_64_TO_32_BIT_CONVERSION = YES;
				GCC_WARN_ABOUT_RETURN_TYPE = YES_ERROR;
				GCC_WARN_UNDECLARED_SELECTOR = YES;
				GCC_WARN_UNINITIALIZED_AUTOS = YES_AGGRESSIVE;
				GCC_WARN_UNUSED_FUNCTION = YES;
				GCC_WARN_UNUSED_VARIABLE = YES;
				IPHONEOS_DEPLOYMENT_TARGET = 11.4;
				MTL_ENABLE_DEBUG_INFO = YES;
				ONLY_ACTIVE_ARCH = YES;
				SDKROOT = iphoneos;
				SWIFT_ACTIVE_COMPILATION_CONDITIONS = DEBUG;
				SWIFT_OPTIMIZATION_LEVEL = "-Onone";
			};
			name = Debug;
		};
		A15BF54F211D9B2E007CB6EC /* Release */ = {
			isa = XCBuildConfiguration;
			buildSettings = {
				ALWAYS_SEARCH_USER_PATHS = NO;
				CLANG_ANALYZER_NONNULL = YES;
				CLANG_ANALYZER_NUMBER_OBJECT_CONVERSION = YES_AGGRESSIVE;
				CLANG_CXX_LANGUAGE_STANDARD = "gnu++14";
				CLANG_CXX_LIBRARY = "libc++";
				CLANG_ENABLE_MODULES = YES;
				CLANG_ENABLE_OBJC_ARC = YES;
				CLANG_ENABLE_OBJC_WEAK = YES;
				CLANG_WARN_BLOCK_CAPTURE_AUTORELEASING = YES;
				CLANG_WARN_BOOL_CONVERSION = YES;
				CLANG_WARN_COMMA = YES;
				CLANG_WARN_CONSTANT_CONVERSION = YES;
				CLANG_WARN_DEPRECATED_OBJC_IMPLEMENTATIONS = YES;
				CLANG_WARN_DIRECT_OBJC_ISA_USAGE = YES_ERROR;
				CLANG_WARN_DOCUMENTATION_COMMENTS = YES;
				CLANG_WARN_EMPTY_BODY = YES;
				CLANG_WARN_ENUM_CONVERSION = YES;
				CLANG_WARN_INFINITE_RECURSION = YES;
				CLANG_WARN_INT_CONVERSION = YES;
				CLANG_WARN_NON_LITERAL_NULL_CONVERSION = YES;
				CLANG_WARN_OBJC_IMPLICIT_RETAIN_SELF = YES;
				CLANG_WARN_OBJC_LITERAL_CONVERSION = YES;
				CLANG_WARN_OBJC_ROOT_CLASS = YES_ERROR;
				CLANG_WARN_RANGE_LOOP_ANALYSIS = YES;
				CLANG_WARN_STRICT_PROTOTYPES = YES;
				CLANG_WARN_SUSPICIOUS_MOVE = YES;
				CLANG_WARN_UNGUARDED_AVAILABILITY = YES_AGGRESSIVE;
				CLANG_WARN_UNREACHABLE_CODE = YES;
				CLANG_WARN__DUPLICATE_METHOD_MATCH = YES;
				CODE_SIGN_IDENTITY = "iPhone Developer";
				COPY_PHASE_STRIP = NO;
				DEBUG_INFORMATION_FORMAT = "dwarf-with-dsym";
				ENABLE_NS_ASSERTIONS = NO;
				ENABLE_STRICT_OBJC_MSGSEND = YES;
				GCC_C_LANGUAGE_STANDARD = gnu11;
				GCC_NO_COMMON_BLOCKS = YES;
				GCC_WARN_64_TO_32_BIT_CONVERSION = YES;
				GCC_WARN_ABOUT_RETURN_TYPE = YES_ERROR;
				GCC_WARN_UNDECLARED_SELECTOR = YES;
				GCC_WARN_UNINITIALIZED_AUTOS = YES_AGGRESSIVE;
				GCC_WARN_UNUSED_FUNCTION = YES;
				GCC_WARN_UNUSED_VARIABLE = YES;
				IPHONEOS_DEPLOYMENT_TARGET = 11.4;
				MTL_ENABLE_DEBUG_INFO = NO;
				SDKROOT = iphoneos;
				SWIFT_COMPILATION_MODE = wholemodule;
				SWIFT_OPTIMIZATION_LEVEL = "-O";
				VALIDATE_PRODUCT = YES;
			};
			name = Release;
		};
		A15BF551211D9B2F007CB6EC /* Debug */ = {
			isa = XCBuildConfiguration;
			buildSettings = {
				ASSETCATALOG_COMPILER_APPICON_NAME = AppIcon;
				CODE_SIGN_STYLE = Automatic;
				INFOPLIST_FILE = SearchBarApp/Info.plist;
				LD_RUNPATH_SEARCH_PATHS = (
					"$(inherited)",
					"@executable_path/Frameworks",
				);
				PRODUCT_BUNDLE_IDENTIFIER = Tribhi.SearchBarApp;
				PRODUCT_NAME = "$(TARGET_NAME)";
				SWIFT_VERSION = 4.0;
				TARGETED_DEVICE_FAMILY = "1,2";
			};
			name = Debug;
		};
		A15BF552211D9B2F007CB6EC /* Release */ = {
			isa = XCBuildConfiguration;
			buildSettings = {
				ASSETCATALOG_COMPILER_APPICON_NAME = AppIcon;
				CODE_SIGN_STYLE = Automatic;
				INFOPLIST_FILE = SearchBarApp/Info.plist;
				LD_RUNPATH_SEARCH_PATHS = (
					"$(inherited)",
					"@executable_path/Frameworks",
				);
				PRODUCT_BUNDLE_IDENTIFIER = Tribhi.SearchBarApp;
				PRODUCT_NAME = "$(TARGET_NAME)";
				SWIFT_VERSION = 4.0;
				TARGETED_DEVICE_FAMILY = "1,2";
			};
			name = Release;
		};
		A15BF554211D9B2F007CB6EC /* Debug */ = {
			isa = XCBuildConfiguration;
			buildSettings = {
				ALWAYS_EMBED_SWIFT_STANDARD_LIBRARIES = YES;
				BUNDLE_LOADER = "$(TEST_HOST)";
				CODE_SIGN_STYLE = Automatic;
				INFOPLIST_FILE = SearchBarAppTests/Info.plist;
				LD_RUNPATH_SEARCH_PATHS = (
					"$(inherited)",
					"@executable_path/Frameworks",
					"@loader_path/Frameworks",
				);
				PRODUCT_BUNDLE_IDENTIFIER = Tribhi.SearchBarAppTests;
				PRODUCT_NAME = "$(TARGET_NAME)";
				SWIFT_VERSION = 4.0;
				TARGETED_DEVICE_FAMILY = "1,2";
				TEST_HOST = "$(BUILT_PRODUCTS_DIR)/SearchBarApp.app/SearchBarApp";
			};
			name = Debug;
		};
		A15BF555211D9B2F007CB6EC /* Release */ = {
			isa = XCBuildConfiguration;
			buildSettings = {
				ALWAYS_EMBED_SWIFT_STANDARD_LIBRARIES = YES;
				BUNDLE_LOADER = "$(TEST_HOST)";
				CODE_SIGN_STYLE = Automatic;
				INFOPLIST_FILE = SearchBarAppTests/Info.plist;
				LD_RUNPATH_SEARCH_PATHS = (
					"$(inherited)",
					"@executable_path/Frameworks",
					"@loader_path/Frameworks",
				);
				PRODUCT_BUNDLE_IDENTIFIER = Tribhi.SearchBarAppTests;
				PRODUCT_NAME = "$(TARGET_NAME)";
				SWIFT_VERSION = 4.0;
				TARGETED_DEVICE_FAMILY = "1,2";
				TEST_HOST = "$(BUILT_PRODUCTS_DIR)/SearchBarApp.app/SearchBarApp";
			};
			name = Release;
		};
		A15BF557211D9B2F007CB6EC /* Debug */ = {
			isa = XCBuildConfiguration;
			buildSettings = {
				ALWAYS_EMBED_SWIFT_STANDARD_LIBRARIES = YES;
				CODE_SIGN_STYLE = Automatic;
				INFOPLIST_FILE = SearchBarAppUITests/Info.plist;
				LD_RUNPATH_SEARCH_PATHS = (
					"$(inherited)",
					"@executable_path/Frameworks",
					"@loader_path/Frameworks",
				);
				PRODUCT_BUNDLE_IDENTIFIER = Tribhi.SearchBarAppUITests;
				PRODUCT_NAME = "$(TARGET_NAME)";
				SWIFT_VERSION = 4.0;
				TARGETED_DEVICE_FAMILY = "1,2";
				TEST_TARGET_NAME = SearchBarApp;
			};
			name = Debug;
		};
		A15BF558211D9B2F007CB6EC /* Release */ = {
			isa = XCBuildConfiguration;
			buildSettings = {
				ALWAYS_EMBED_SWIFT_STANDARD_LIBRARIES = YES;
				CODE_SIGN_STYLE = Automatic;
				INFOPLIST_FILE = SearchBarAppUITests/Info.plist;
				LD_RUNPATH_SEARCH_PATHS = (
					"$(inherited)",
					"@executable_path/Frameworks",
					"@loader_path/Frameworks",
				);
				PRODUCT_BUNDLE_IDENTIFIER = Tribhi.SearchBarAppUITests;
				PRODUCT_NAME = "$(TARGET_NAME)";
				SWIFT_VERSION = 4.0;
				TARGETED_DEVICE_FAMILY = "1,2";
				TEST_TARGET_NAME = SearchBarApp;
			};
			name = Release;
		};
/* End XCBuildConfiguration section */

/* Begin XCConfigurationList section */
		A15BF523211D9B15007CB6EC /* Build configuration list for PBXProject "SearchBarApp" */ = {
			isa = XCConfigurationList;
			buildConfigurations = (
				A15BF54E211D9B2E007CB6EC /* Debug */,
				A15BF54F211D9B2E007CB6EC /* Release */,
			);
			defaultConfigurationIsVisible = 0;
			defaultConfigurationName = Release;
		};
		A15BF550211D9B2F007CB6EC /* Build configuration list for PBXNativeTarget "SearchBarApp" */ = {
			isa = XCConfigurationList;
			buildConfigurations = (
				A15BF551211D9B2F007CB6EC /* Debug */,
				A15BF552211D9B2F007CB6EC /* Release */,
			);
			defaultConfigurationIsVisible = 0;
			defaultConfigurationName = Release;
		};
		A15BF553211D9B2F007CB6EC /* Build configuration list for PBXNativeTarget "SearchBarAppTests" */ = {
			isa = XCConfigurationList;
			buildConfigurations = (
				A15BF554211D9B2F007CB6EC /* Debug */,
				A15BF555211D9B2F007CB6EC /* Release */,
			);
			defaultConfigurationIsVisible = 0;
			defaultConfigurationName = Release;
		};
		A15BF556211D9B2F007CB6EC /* Build configuration list for PBXNativeTarget "SearchBarAppUITests" */ = {
			isa = XCConfigurationList;
			buildConfigurations = (
				A15BF557211D9B2F007CB6EC /* Debug */,
				A15BF558211D9B2F007CB6EC /* Release */,
			);
			defaultConfigurationIsVisible = 0;
			defaultConfigurationName = Release;
		};
/* End XCConfigurationList section */
	};
	rootObject = A15BF520211D9B15007CB6EC /* Project object */;
}
